{
  "name": "wellness-web-app",
  "lockfileVersion": 3,
  "requires": true,
  "packages": {
    "": {
      "dependencies": {
        "@propelauth/javascript": "^2.0.17"
      }
    },
    "node_modules/@propelauth/javascript": {
      "version": "2.0.17",
      "resolved": "https://registry.npmjs.org/@propelauth/javascript/-/javascript-2.0.17.tgz",
      "integrity": "sha512-oXnsNSaYPP5+6bhcC+ewhaai23LDO+Wng+63+eynYEDvbCzLWJa0EzpGZr/CCyeY33Q4iStAAng/sC15Pk5QMA==",
      "license": "MIT"
    }
  }
}
